// !$*UTF8*$!
{
	archiveVersion = 1;
	classes = {
	};
	objectVersion = 55;
	objects = {

/* Begin PBXBuildFile section */
		394D2496AF9A6FCC5A534C0F /* Pods_register_snowboard_serial_number.framework in Frameworks */ = {isa = PBXBuildFile; fileRef = CF1D543B1FC162AE38C3C57C /* Pods_register_snowboard_serial_number.framework */; };
		5E23CEB8278C353D00C39D4B /* LoginViewController.swift in Sources */ = {isa = PBXBuildFile; fileRef = 5E23CEB7278C353D00C39D4B /* LoginViewController.swift */; };
		5E23CEBC278C492100C39D4B /* SearchViewController.swift in Sources */ = {isa = PBXBuildFile; fileRef = 5E23CEBB278C492100C39D4B /* SearchViewController.swift */; };
		5E23CEBE278C496A00C39D4B /* MyListViewController.swift in Sources */ = {isa = PBXBuildFile; fileRef = 5E23CEBD278C496A00C39D4B /* MyListViewController.swift */; };
		5E412D492789E7AB002163D5 /* AppDelegate.swift in Sources */ = {isa = PBXBuildFile; fileRef = 5E412D482789E7AB002163D5 /* AppDelegate.swift */; };
		5E412D4B2789E7AB002163D5 /* SceneDelegate.swift in Sources */ = {isa = PBXBuildFile; fileRef = 5E412D4A2789E7AB002163D5 /* SceneDelegate.swift */; };
		5E412D522789E7AD002163D5 /* Assets.xcassets in Resources */ = {isa = PBXBuildFile; fileRef = 5E412D512789E7AD002163D5 /* Assets.xcassets */; };
		5E412D552789E7AD002163D5 /* LaunchScreen.storyboard in Resources */ = {isa = PBXBuildFile; fileRef = 5E412D532789E7AD002163D5 /* LaunchScreen.storyboard */; };
		5E57E71727AACB5E0045B2F4 /* Add.storyboard in Resources */ = {isa = PBXBuildFile; fileRef = 5E57E71627AACB5E0045B2F4 /* Add.storyboard */; };
		5E57E71927AACB750045B2F4 /* AddViewModel.swift in Sources */ = {isa = PBXBuildFile; fileRef = 5E57E71827AACB750045B2F4 /* AddViewModel.swift */; };
		5E57E71B27AACB870045B2F4 /* AddViewController.swift in Sources */ = {isa = PBXBuildFile; fileRef = 5E57E71A27AACB870045B2F4 /* AddViewController.swift */; };
		5E57E71D27AB7F6F0045B2F4 /* SendBoardModel.swift in Sources */ = {isa = PBXBuildFile; fileRef = 5E57E71C27AB7F6F0045B2F4 /* SendBoardModel.swift */; };
		5E7E0C9D279BD5FE0088608A /* Login.storyboard in Resources */ = {isa = PBXBuildFile; fileRef = 5E7E0C9C279BD5FE0088608A /* Login.storyboard */; };
		5E7E0C9F279BD64A0088608A /* Search.storyboard in Resources */ = {isa = PBXBuildFile; fileRef = 5E7E0C9E279BD64A0088608A /* Search.storyboard */; };
		5E7E0CA1279BD6FC0088608A /* MyList.storyboard in Resources */ = {isa = PBXBuildFile; fileRef = 5E7E0CA0279BD6FC0088608A /* MyList.storyboard */; };
		5E7E0CA5279BD7860088608A /* Setting.storyboard in Resources */ = {isa = PBXBuildFile; fileRef = 5E7E0CA4279BD7860088608A /* Setting.storyboard */; };
		5E9266BE279E8AC700E5D67D /* AddressDataModel.swift in Sources */ = {isa = PBXBuildFile; fileRef = 5E9266BD279E8AC700E5D67D /* AddressDataModel.swift */; };
		5E971860278FE6490080A5AA /* LoadDBModel.swift in Sources */ = {isa = PBXBuildFile; fileRef = 5E97185F278FE6490080A5AA /* LoadDBModel.swift */; };
		5E971862278FF24E0080A5AA /* AcceptDataModel.swift in Sources */ = {isa = PBXBuildFile; fileRef = 5E971861278FF24E0080A5AA /* AcceptDataModel.swift */; };
		5E9718652790FDC60080A5AA /* MyListTableViewCell.swift in Sources */ = {isa = PBXBuildFile; fileRef = 5E9718632790FDC60080A5AA /* MyListTableViewCell.swift */; };
		5E9718662790FDC60080A5AA /* MyListTableViewCell.xib in Resources */ = {isa = PBXBuildFile; fileRef = 5E9718642790FDC60080A5AA /* MyListTableViewCell.xib */; };
		5E97BBD42798F3DB003F2045 /* SettingViewController.swift in Sources */ = {isa = PBXBuildFile; fileRef = 5E97BBD32798F3DB003F2045 /* SettingViewController.swift */; };
		5EAC2FE627A7BF82007E5B32 /* SettingViewModel.swift in Sources */ = {isa = PBXBuildFile; fileRef = 5EAC2FE527A7BF82007E5B32 /* SettingViewModel.swift */; };
		5EAC2FE827A7C1E0007E5B32 /* AcceptAdressDataModel.swift in Sources */ = {isa = PBXBuildFile; fileRef = 5EAC2FE727A7C1E0007E5B32 /* AcceptAdressDataModel.swift */; };
		5ED4E33B278BCF93003ED53F /* GoogleService-Info.plist in Resources */ = {isa = PBXBuildFile; fileRef = 5ED4E33A278BCF93003ED53F /* GoogleService-Info.plist */; };
		5EE06BC727A3BEF6007488A6 /* LoginViewModel.swift in Sources */ = {isa = PBXBuildFile; fileRef = 5EE06BC627A3BEF6007488A6 /* LoginViewModel.swift */; };
		5EE06BCC27A3DB0E007488A6 /* SearchTableViewCell.swift in Sources */ = {isa = PBXBuildFile; fileRef = 5EE06BCA27A3DB0E007488A6 /* SearchTableViewCell.swift */; };
		5EE06BCD27A3DB0E007488A6 /* SearchTableViewCell.xib in Resources */ = {isa = PBXBuildFile; fileRef = 5EE06BCB27A3DB0E007488A6 /* SearchTableViewCell.xib */; };
		5EE06BCF27A3DC09007488A6 /* SearchViewModel.swift in Sources */ = {isa = PBXBuildFile; fileRef = 5EE06BCE27A3DC09007488A6 /* SearchViewModel.swift */; };
		5EE06BD127A58D92007488A6 /* MyListViewModel.swift in Sources */ = {isa = PBXBuildFile; fileRef = 5EE06BD027A58D92007488A6 /* MyListViewModel.swift */; };
/* End PBXBuildFile section */

/* Begin PBXFileReference section */
		02378DF0CD104641EBDCF0BE /* Pods-register-snowboard-serial-number.debug.xcconfig */ = {isa = PBXFileReference; includeInIndex = 1; lastKnownFileType = text.xcconfig; name = "Pods-register-snowboard-serial-number.debug.xcconfig"; path = "Target Support Files/Pods-register-snowboard-serial-number/Pods-register-snowboard-serial-number.debug.xcconfig"; sourceTree = "<group>"; };
		5E23CEB7278C353D00C39D4B /* LoginViewController.swift */ = {isa = PBXFileReference; lastKnownFileType = sourcecode.swift; path = LoginViewController.swift; sourceTree = "<group>"; };
		5E23CEBB278C492100C39D4B /* SearchViewController.swift */ = {isa = PBXFileReference; lastKnownFileType = sourcecode.swift; path = SearchViewController.swift; sourceTree = "<group>"; };
		5E23CEBD278C496A00C39D4B /* MyListViewController.swift */ = {isa = PBXFileReference; lastKnownFileType = sourcecode.swift; path = MyListViewController.swift; sourceTree = "<group>"; };
		5E412D452789E7AB002163D5 /* register-snowboard-serial-number.app */ = {isa = PBXFileReference; explicitFileType = wrapper.application; includeInIndex = 0; path = "register-snowboard-serial-number.app"; sourceTree = BUILT_PRODUCTS_DIR; };
		5E412D482789E7AB002163D5 /* AppDelegate.swift */ = {isa = PBXFileReference; lastKnownFileType = sourcecode.swift; path = AppDelegate.swift; sourceTree = "<group>"; };
		5E412D4A2789E7AB002163D5 /* SceneDelegate.swift */ = {isa = PBXFileReference; lastKnownFileType = sourcecode.swift; path = SceneDelegate.swift; sourceTree = "<group>"; };
		5E412D512789E7AD002163D5 /* Assets.xcassets */ = {isa = PBXFileReference; lastKnownFileType = folder.assetcatalog; path = Assets.xcassets; sourceTree = "<group>"; };
		5E412D542789E7AD002163D5 /* Base */ = {isa = PBXFileReference; lastKnownFileType = file.storyboard; name = Base; path = Base.lproj/LaunchScreen.storyboard; sourceTree = "<group>"; };
		5E412D562789E7AD002163D5 /* Info.plist */ = {isa = PBXFileReference; lastKnownFileType = text.plist.xml; path = Info.plist; sourceTree = "<group>"; };
		5E57E71627AACB5E0045B2F4 /* Add.storyboard */ = {isa = PBXFileReference; lastKnownFileType = file.storyboard; path = Add.storyboard; sourceTree = "<group>"; };
		5E57E71827AACB750045B2F4 /* AddViewModel.swift */ = {isa = PBXFileReference; lastKnownFileType = sourcecode.swift; path = AddViewModel.swift; sourceTree = "<group>"; };
		5E57E71A27AACB870045B2F4 /* AddViewController.swift */ = {isa = PBXFileReference; lastKnownFileType = sourcecode.swift; path = AddViewController.swift; sourceTree = "<group>"; };
		5E57E71C27AB7F6F0045B2F4 /* SendBoardModel.swift */ = {isa = PBXFileReference; lastKnownFileType = sourcecode.swift; path = SendBoardModel.swift; sourceTree = "<group>"; };
		5E7E0C9C279BD5FE0088608A /* Login.storyboard */ = {isa = PBXFileReference; lastKnownFileType = file.storyboard; path = Login.storyboard; sourceTree = "<group>"; };
		5E7E0C9E279BD64A0088608A /* Search.storyboard */ = {isa = PBXFileReference; lastKnownFileType = file.storyboard; path = Search.storyboard; sourceTree = "<group>"; };
		5E7E0CA0279BD6FC0088608A /* MyList.storyboard */ = {isa = PBXFileReference; lastKnownFileType = file.storyboard; path = MyList.storyboard; sourceTree = "<group>"; };
		5E7E0CA4279BD7860088608A /* Setting.storyboard */ = {isa = PBXFileReference; lastKnownFileType = file.storyboard; path = Setting.storyboard; sourceTree = "<group>"; };
		5E9266BD279E8AC700E5D67D /* AddressDataModel.swift */ = {isa = PBXFileReference; lastKnownFileType = sourcecode.swift; path = AddressDataModel.swift; sourceTree = "<group>"; };
		5E97185F278FE6490080A5AA /* LoadDBModel.swift */ = {isa = PBXFileReference; lastKnownFileType = sourcecode.swift; path = LoadDBModel.swift; sourceTree = "<group>"; };
		5E971861278FF24E0080A5AA /* AcceptDataModel.swift */ = {isa = PBXFileReference; lastKnownFileType = sourcecode.swift; path = AcceptDataModel.swift; sourceTree = "<group>"; };
		5E9718632790FDC60080A5AA /* MyListTableViewCell.swift */ = {isa = PBXFileReference; lastKnownFileType = sourcecode.swift; path = MyListTableViewCell.swift; sourceTree = "<group>"; };
		5E9718642790FDC60080A5AA /* MyListTableViewCell.xib */ = {isa = PBXFileReference; lastKnownFileType = file.xib; path = MyListTableViewCell.xib; sourceTree = "<group>"; };
		5E97BBD32798F3DB003F2045 /* SettingViewController.swift */ = {isa = PBXFileReference; lastKnownFileType = sourcecode.swift; path = SettingViewController.swift; sourceTree = "<group>"; };
		5EAC2FE527A7BF82007E5B32 /* SettingViewModel.swift */ = {isa = PBXFileReference; lastKnownFileType = sourcecode.swift; path = SettingViewModel.swift; sourceTree = "<group>"; };
		5EAC2FE727A7C1E0007E5B32 /* AcceptAdressDataModel.swift */ = {isa = PBXFileReference; lastKnownFileType = sourcecode.swift; path = AcceptAdressDataModel.swift; sourceTree = "<group>"; };
		5ED4E33A278BCF93003ED53F /* GoogleService-Info.plist */ = {isa = PBXFileReference; fileEncoding = 4; lastKnownFileType = text.plist.xml; path = "GoogleService-Info.plist"; sourceTree = "<group>"; };
		5EE06BC627A3BEF6007488A6 /* LoginViewModel.swift */ = {isa = PBXFileReference; lastKnownFileType = sourcecode.swift; path = LoginViewModel.swift; sourceTree = "<group>"; };
		5EE06BCA27A3DB0E007488A6 /* SearchTableViewCell.swift */ = {isa = PBXFileReference; lastKnownFileType = sourcecode.swift; path = SearchTableViewCell.swift; sourceTree = "<group>"; };
		5EE06BCB27A3DB0E007488A6 /* SearchTableViewCell.xib */ = {isa = PBXFileReference; lastKnownFileType = file.xib; path = SearchTableViewCell.xib; sourceTree = "<group>"; };
		5EE06BCE27A3DC09007488A6 /* SearchViewModel.swift */ = {isa = PBXFileReference; lastKnownFileType = sourcecode.swift; path = SearchViewModel.swift; sourceTree = "<group>"; };
		5EE06BD027A58D92007488A6 /* MyListViewModel.swift */ = {isa = PBXFileReference; lastKnownFileType = sourcecode.swift; path = MyListViewModel.swift; sourceTree = "<group>"; };
		A0339C4A43EFCB54F1EFE3BE /* Pods-register-snowboard-serial-number.release.xcconfig */ = {isa = PBXFileReference; includeInIndex = 1; lastKnownFileType = text.xcconfig; name = "Pods-register-snowboard-serial-number.release.xcconfig"; path = "Target Support Files/Pods-register-snowboard-serial-number/Pods-register-snowboard-serial-number.release.xcconfig"; sourceTree = "<group>"; };
		CF1D543B1FC162AE38C3C57C /* Pods_register_snowboard_serial_number.framework */ = {isa = PBXFileReference; explicitFileType = wrapper.framework; includeInIndex = 0; path = Pods_register_snowboard_serial_number.framework; sourceTree = BUILT_PRODUCTS_DIR; };
/* End PBXFileReference section */

/* Begin PBXFrameworksBuildPhase section */
		5E412D422789E7AB002163D5 /* Frameworks */ = {
			isa = PBXFrameworksBuildPhase;
			buildActionMask = 2147483647;
			files = (
				394D2496AF9A6FCC5A534C0F /* Pods_register_snowboard_serial_number.framework in Frameworks */,
			);
			runOnlyForDeploymentPostprocessing = 0;
		};
/* End PBXFrameworksBuildPhase section */

/* Begin PBXGroup section */
		086C51D2C7D5339785F878CE /* Frameworks */ = {
			isa = PBXGroup;
			children = (
				CF1D543B1FC162AE38C3C57C /* Pods_register_snowboard_serial_number.framework */,
			);
			name = Frameworks;
			sourceTree = "<group>";
		};
		5E412D3C2789E7AB002163D5 = {
			isa = PBXGroup;
			children = (
				5E412D472789E7AB002163D5 /* register-snowboard-serial-number */,
				5E412D462789E7AB002163D5 /* Products */,
				5E74473301FDCC34EC6D71D5 /* Pods */,
				086C51D2C7D5339785F878CE /* Frameworks */,
			);
			sourceTree = "<group>";
		};
		5E412D462789E7AB002163D5 /* Products */ = {
			isa = PBXGroup;
			children = (
				5E412D452789E7AB002163D5 /* register-snowboard-serial-number.app */,
			);
			name = Products;
			sourceTree = "<group>";
		};
		5E412D472789E7AB002163D5 /* register-snowboard-serial-number */ = {
			isa = PBXGroup;
			children = (
				5ED4E33A278BCF93003ED53F /* GoogleService-Info.plist */,
				5ED4E333278BC8AD003ED53F /* Delegate */,
				5ED4E334278BC998003ED53F /* Support */,
				5ED4E337278BCABE003ED53F /* Model */,
				5EE06BBF27A3BC0F007488A6 /* View */,
			);
			path = "register-snowboard-serial-number";
			sourceTree = "<group>";
		};
		5E57E71527AACB280045B2F4 /* Add */ = {
			isa = PBXGroup;
			children = (
				5E57E71627AACB5E0045B2F4 /* Add.storyboard */,
				5E57E71A27AACB870045B2F4 /* AddViewController.swift */,
				5E57E71827AACB750045B2F4 /* AddViewModel.swift */,
			);
			path = Add;
			sourceTree = "<group>";
		};
		5E74473301FDCC34EC6D71D5 /* Pods */ = {
			isa = PBXGroup;
			children = (
				02378DF0CD104641EBDCF0BE /* Pods-register-snowboard-serial-number.debug.xcconfig */,
				A0339C4A43EFCB54F1EFE3BE /* Pods-register-snowboard-serial-number.release.xcconfig */,
			);
			path = Pods;
			sourceTree = "<group>";
		};
		5ED4E333278BC8AD003ED53F /* Delegate */ = {
			isa = PBXGroup;
			children = (
				5E412D4A2789E7AB002163D5 /* SceneDelegate.swift */,
				5E412D482789E7AB002163D5 /* AppDelegate.swift */,
			);
			path = Delegate;
			sourceTree = "<group>";
		};
		5ED4E334278BC998003ED53F /* Support */ = {
			isa = PBXGroup;
			children = (
				5E412D512789E7AD002163D5 /* Assets.xcassets */,
				5ED4E335278BC9BB003ED53F /* Launch */,
				5E412D562789E7AD002163D5 /* Info.plist */,
			);
			path = Support;
			sourceTree = "<group>";
		};
		5ED4E335278BC9BB003ED53F /* Launch */ = {
			isa = PBXGroup;
			children = (
				5E412D532789E7AD002163D5 /* LaunchScreen.storyboard */,
			);
			path = Launch;
			sourceTree = "<group>";
		};
		5ED4E337278BCABE003ED53F /* Model */ = {
			isa = PBXGroup;
			children = (
				5E97185F278FE6490080A5AA /* LoadDBModel.swift */,
				5E971861278FF24E0080A5AA /* AcceptDataModel.swift */,
				5E9266BD279E8AC700E5D67D /* AddressDataModel.swift */,
				5EAC2FE727A7C1E0007E5B32 /* AcceptAdressDataModel.swift */,
				5E57E71C27AB7F6F0045B2F4 /* SendBoardModel.swift */,
			);
			path = Model;
			sourceTree = "<group>";
		};
		5EE06BBF27A3BC0F007488A6 /* View */ = {
			isa = PBXGroup;
			children = (
				5EE06BC127A3BC48007488A6 /* Login */,
				5EE06BC227A3BC64007488A6 /* Search */,
				5EE06BC027A3BC1C007488A6 /* MyList */,
				5E57E71527AACB280045B2F4 /* Add */,
				5EE06BC527A3BD1E007488A6 /* Setting */,
			);
			path = View;
			sourceTree = "<group>";
		};
		5EE06BC027A3BC1C007488A6 /* MyList */ = {
			isa = PBXGroup;
			children = (
				5E7E0CA0279BD6FC0088608A /* MyList.storyboard */,
				5E9718632790FDC60080A5AA /* MyListTableViewCell.swift */,
				5E9718642790FDC60080A5AA /* MyListTableViewCell.xib */,
				5E23CEBD278C496A00C39D4B /* MyListViewController.swift */,
				5EE06BD027A58D92007488A6 /* MyListViewModel.swift */,
			);
			path = MyList;
			sourceTree = "<group>";
		};
		5EE06BC127A3BC48007488A6 /* Login */ = {
			isa = PBXGroup;
			children = (
				5E7E0C9C279BD5FE0088608A /* Login.storyboard */,
				5E23CEB7278C353D00C39D4B /* LoginViewController.swift */,
				5EE06BC627A3BEF6007488A6 /* LoginViewModel.swift */,
			);
			path = Login;
			sourceTree = "<group>";
		};
		5EE06BC227A3BC64007488A6 /* Search */ = {
			isa = PBXGroup;
			children = (
				5E7E0C9E279BD64A0088608A /* Search.storyboard */,
				5EE06BCA27A3DB0E007488A6 /* SearchTableViewCell.swift */,
				5EE06BCB27A3DB0E007488A6 /* SearchTableViewCell.xib */,
				5E23CEBB278C492100C39D4B /* SearchViewController.swift */,
				5EE06BCE27A3DC09007488A6 /* SearchViewModel.swift */,
			);
			path = Search;
			sourceTree = "<group>";
		};
		5EE06BC527A3BD1E007488A6 /* Setting */ = {
			isa = PBXGroup;
			children = (
				5E7E0CA4279BD7860088608A /* Setting.storyboard */,
				5E97BBD32798F3DB003F2045 /* SettingViewController.swift */,
				5EAC2FE527A7BF82007E5B32 /* SettingViewModel.swift */,
			);
			path = Setting;
			sourceTree = "<group>";
		};
/* End PBXGroup section */

/* Begin PBXNativeTarget section */
		5E412D442789E7AB002163D5 /* register-snowboard-serial-number */ = {
			isa = PBXNativeTarget;
			buildConfigurationList = 5E412D592789E7AD002163D5 /* Build configuration list for PBXNativeTarget "register-snowboard-serial-number" */;
			buildPhases = (
				E9F6E1AA69B2343D9D5486C2 /* [CP] Check Pods Manifest.lock */,
				5E412D412789E7AB002163D5 /* Sources */,
				5E412D422789E7AB002163D5 /* Frameworks */,
				5E412D432789E7AB002163D5 /* Resources */,
				9E5DCCF64E3EBEFECDD28FA4 /* [CP] Embed Pods Frameworks */,
				112958C8F68A0CFEFEA1EA4A /* [CP] Copy Pods Resources */,
			);
			buildRules = (
			);
			dependencies = (
			);
			name = "register-snowboard-serial-number";
			productName = "register-snowboard-serial-number";
			productReference = 5E412D452789E7AB002163D5 /* register-snowboard-serial-number.app */;
			productType = "com.apple.product-type.application";
		};
/* End PBXNativeTarget section */

/* Begin PBXProject section */
		5E412D3D2789E7AB002163D5 /* Project object */ = {
			isa = PBXProject;
			attributes = {
				BuildIndependentTargetsInParallel = 1;
				LastSwiftUpdateCheck = 1320;
				LastUpgradeCheck = 1320;
				TargetAttributes = {
					5E412D442789E7AB002163D5 = {
						CreatedOnToolsVersion = 13.2.1;
					};
				};
			};
			buildConfigurationList = 5E412D402789E7AB002163D5 /* Build configuration list for PBXProject "register-snowboard-serial-number" */;
			compatibilityVersion = "Xcode 13.0";
			developmentRegion = en;
			hasScannedForEncodings = 0;
			knownRegions = (
				en,
				Base,
			);
			mainGroup = 5E412D3C2789E7AB002163D5;
			productRefGroup = 5E412D462789E7AB002163D5 /* Products */;
			projectDirPath = "";
			projectRoot = "";
			targets = (
				5E412D442789E7AB002163D5 /* register-snowboard-serial-number */,
			);
		};
/* End PBXProject section */

/* Begin PBXResourcesBuildPhase section */
		5E412D432789E7AB002163D5 /* Resources */ = {
			isa = PBXResourcesBuildPhase;
			buildActionMask = 2147483647;
			files = (
				5E9718662790FDC60080A5AA /* MyListTableViewCell.xib in Resources */,
				5E412D552789E7AD002163D5 /* LaunchScreen.storyboard in Resources */,
				5E57E71727AACB5E0045B2F4 /* Add.storyboard in Resources */,
				5E7E0CA1279BD6FC0088608A /* MyList.storyboard in Resources */,
				5E7E0C9D279BD5FE0088608A /* Login.storyboard in Resources */,
				5ED4E33B278BCF93003ED53F /* GoogleService-Info.plist in Resources */,
				5EE06BCD27A3DB0E007488A6 /* SearchTableViewCell.xib in Resources */,
				5E7E0C9F279BD64A0088608A /* Search.storyboard in Resources */,
				5E7E0CA5279BD7860088608A /* Setting.storyboard in Resources */,
				5E412D522789E7AD002163D5 /* Assets.xcassets in Resources */,
			);
			runOnlyForDeploymentPostprocessing = 0;
		};
/* End PBXResourcesBuildPhase section */

/* Begin PBXShellScriptBuildPhase section */
		112958C8F68A0CFEFEA1EA4A /* [CP] Copy Pods Resources */ = {
			isa = PBXShellScriptBuildPhase;
			buildActionMask = 2147483647;
			files = (
			);
			inputFileListPaths = (
				"${PODS_ROOT}/Target Support Files/Pods-register-snowboard-serial-number/Pods-register-snowboard-serial-number-resources-${CONFIGURATION}-input-files.xcfilelist",
			);
			name = "[CP] Copy Pods Resources";
			outputFileListPaths = (
				"${PODS_ROOT}/Target Support Files/Pods-register-snowboard-serial-number/Pods-register-snowboard-serial-number-resources-${CONFIGURATION}-output-files.xcfilelist",
			);
			runOnlyForDeploymentPostprocessing = 0;
			shellPath = /bin/sh;
			shellScript = "\"${PODS_ROOT}/Target Support Files/Pods-register-snowboard-serial-number/Pods-register-snowboard-serial-number-resources.sh\"\n";
			showEnvVarsInLog = 0;
		};
		9E5DCCF64E3EBEFECDD28FA4 /* [CP] Embed Pods Frameworks */ = {
			isa = PBXShellScriptBuildPhase;
			buildActionMask = 2147483647;
			files = (
			);
			inputFileListPaths = (
				"${PODS_ROOT}/Target Support Files/Pods-register-snowboard-serial-number/Pods-register-snowboard-serial-number-frameworks-${CONFIGURATION}-input-files.xcfilelist",
			);
			name = "[CP] Embed Pods Frameworks";
			outputFileListPaths = (
				"${PODS_ROOT}/Target Support Files/Pods-register-snowboard-serial-number/Pods-register-snowboard-serial-number-frameworks-${CONFIGURATION}-output-files.xcfilelist",
			);
			runOnlyForDeploymentPostprocessing = 0;
			shellPath = /bin/sh;
			shellScript = "\"${PODS_ROOT}/Target Support Files/Pods-register-snowboard-serial-number/Pods-register-snowboard-serial-number-frameworks.sh\"\n";
			showEnvVarsInLog = 0;
		};
		E9F6E1AA69B2343D9D5486C2 /* [CP] Check Pods Manifest.lock */ = {
			isa = PBXShellScriptBuildPhase;
			buildActionMask = 2147483647;
			files = (
			);
			inputFileListPaths = (
			);
			inputPaths = (
				"${PODS_PODFILE_DIR_PATH}/Podfile.lock",
				"${PODS_ROOT}/Manifest.lock",
			);
			name = "[CP] Check Pods Manifest.lock";
			outputFileListPaths = (
			);
			outputPaths = (
				"$(DERIVED_FILE_DIR)/Pods-register-snowboard-serial-number-checkManifestLockResult.txt",
			);
			runOnlyForDeploymentPostprocessing = 0;
			shellPath = /bin/sh;
			shellScript = "diff \"${PODS_PODFILE_DIR_PATH}/Podfile.lock\" \"${PODS_ROOT}/Manifest.lock\" > /dev/null\nif [ $? != 0 ] ; then\n    # print error to STDERR\n    echo \"error: The sandbox is not in sync with the Podfile.lock. Run 'pod install' or update your CocoaPods installation.\" >&2\n    exit 1\nfi\n# This output is used by Xcode 'outputs' to avoid re-running this script phase.\necho \"SUCCESS\" > \"${SCRIPT_OUTPUT_FILE_0}\"\n";
			showEnvVarsInLog = 0;
		};
/* End PBXShellScriptBuildPhase section */

/* Begin PBXSourcesBuildPhase section */
		5E412D412789E7AB002163D5 /* Sources */ = {
			isa = PBXSourcesBuildPhase;
			buildActionMask = 2147483647;
			files = (
				5EAC2FE627A7BF82007E5B32 /* SettingViewModel.swift in Sources */,
				5E9718652790FDC60080A5AA /* MyListTableViewCell.swift in Sources */,
				5E57E71D27AB7F6F0045B2F4 /* SendBoardModel.swift in Sources */,
				5EE06BCF27A3DC09007488A6 /* SearchViewModel.swift in Sources */,
				5E97BBD42798F3DB003F2045 /* SettingViewController.swift in Sources */,
				5E23CEB8278C353D00C39D4B /* LoginViewController.swift in Sources */,
				5EE06BD127A58D92007488A6 /* MyListViewModel.swift in Sources */,
				5E57E71927AACB750045B2F4 /* AddViewModel.swift in Sources */,
				5E971862278FF24E0080A5AA /* AcceptDataModel.swift in Sources */,
				5E57E71B27AACB870045B2F4 /* AddViewController.swift in Sources */,
				5E412D492789E7AB002163D5 /* AppDelegate.swift in Sources */,
				5EE06BCC27A3DB0E007488A6 /* SearchTableViewCell.swift in Sources */,
				5EAC2FE827A7C1E0007E5B32 /* AcceptAdressDataModel.swift in Sources */,
				5EE06BC727A3BEF6007488A6 /* LoginViewModel.swift in Sources */,
				5E971860278FE6490080A5AA /* LoadDBModel.swift in Sources */,
				5E23CEBE278C496A00C39D4B /* MyListViewController.swift in Sources */,
				5E9266BE279E8AC700E5D67D /* AddressDataModel.swift in Sources */,
				5E23CEBC278C492100C39D4B /* SearchViewController.swift in Sources */,
				5E412D4B2789E7AB002163D5 /* SceneDelegate.swift in Sources */,
			);
			runOnlyForDeploymentPostprocessing = 0;
		};
/* End PBXSourcesBuildPhase section */

/* Begin PBXVariantGroup section */
		5E412D532789E7AD002163D5 /* LaunchScreen.storyboard */ = {
			isa = PBXVariantGroup;
			children = (
				5E412D542789E7AD002163D5 /* Base */,
			);
			name = LaunchScreen.storyboard;
			sourceTree = "<group>";
		};
/* End PBXVariantGroup section */

/* Begin XCBuildConfiguration section */
		5E412D572789E7AD002163D5 /* Debug */ = {
			isa = XCBuildConfiguration;
			buildSettings = {
				ALWAYS_SEARCH_USER_PATHS = NO;
				CLANG_ANALYZER_NONNULL = YES;
				CLANG_ANALYZER_NUMBER_OBJECT_CONVERSION = YES_AGGRESSIVE;
				CLANG_CXX_LANGUAGE_STANDARD = "gnu++17";
				CLANG_CXX_LIBRARY = "libc++";
				CLANG_ENABLE_MODULES = YES;
				CLANG_ENABLE_OBJC_ARC = YES;
				CLANG_ENABLE_OBJC_WEAK = YES;
				CLANG_WARN_BLOCK_CAPTURE_AUTORELEASING = YES;
				CLANG_WARN_BOOL_CONVERSION = YES;
				CLANG_WARN_COMMA = YES;
				CLANG_WARN_CONSTANT_CONVERSION = YES;
				CLANG_WARN_DEPRECATED_OBJC_IMPLEMENTATIONS = YES;
				CLANG_WARN_DIRECT_OBJC_ISA_USAGE = YES_ERROR;
				CLANG_WARN_DOCUMENTATION_COMMENTS = YES;
				CLANG_WARN_EMPTY_BODY = YES;
				CLANG_WARN_ENUM_CONVERSION = YES;
				CLANG_WARN_INFINITE_RECURSION = YES;
				CLANG_WARN_INT_CONVERSION = YES;
				CLANG_WARN_NON_LITERAL_NULL_CONVERSION = YES;
				CLANG_WARN_OBJC_IMPLICIT_RETAIN_SELF = YES;
				CLANG_WARN_OBJC_LITERAL_CONVERSION = YES;
				CLANG_WARN_OBJC_ROOT_CLASS = YES_ERROR;
				CLANG_WARN_QUOTED_INCLUDE_IN_FRAMEWORK_HEADER = YES;
				CLANG_WARN_RANGE_LOOP_ANALYSIS = YES;
				CLANG_WARN_STRICT_PROTOTYPES = YES;
				CLANG_WARN_SUSPICIOUS_MOVE = YES;
				CLANG_WARN_UNGUARDED_AVAILABILITY = YES_AGGRESSIVE;
				CLANG_WARN_UNREACHABLE_CODE = YES;
				CLANG_WARN__DUPLICATE_METHOD_MATCH = YES;
				COPY_PHASE_STRIP = NO;
				DEBUG_INFORMATION_FORMAT = dwarf;
				ENABLE_STRICT_OBJC_MSGSEND = YES;
				ENABLE_TESTABILITY = YES;
				GCC_C_LANGUAGE_STANDARD = gnu11;
				GCC_DYNAMIC_NO_PIC = NO;
				GCC_NO_COMMON_BLOCKS = YES;
				GCC_OPTIMIZATION_LEVEL = 0;
				GCC_PREPROCESSOR_DEFINITIONS = (
					"DEBUG=1",
					"$(inherited)",
				);
				GCC_WARN_64_TO_32_BIT_CONVERSION = YES;
				GCC_WARN_ABOUT_RETURN_TYPE = YES_ERROR;
				GCC_WARN_UNDECLARED_SELECTOR = YES;
				GCC_WARN_UNINITIALIZED_AUTOS = YES_AGGRESSIVE;
				GCC_WARN_UNUSED_FUNCTION = YES;
				GCC_WARN_UNUSED_VARIABLE = YES;
				IPHONEOS_DEPLOYMENT_TARGET = 15.2;
				MTL_ENABLE_DEBUG_INFO = INCLUDE_SOURCE;
				MTL_FAST_MATH = YES;
				ONLY_ACTIVE_ARCH = YES;
				SDKROOT = iphoneos;
				SWIFT_ACTIVE_COMPILATION_CONDITIONS = DEBUG;
				SWIFT_OPTIMIZATION_LEVEL = "-Onone";
			};
			name = Debug;
		};
		5E412D582789E7AD002163D5 /* Release */ = {
			isa = XCBuildConfiguration;
			buildSettings = {
				ALWAYS_SEARCH_USER_PATHS = NO;
				CLANG_ANALYZER_NONNULL = YES;
				CLANG_ANALYZER_NUMBER_OBJECT_CONVERSION = YES_AGGRESSIVE;
				CLANG_CXX_LANGUAGE_STANDARD = "gnu++17";
				CLANG_CXX_LIBRARY = "libc++";
				CLANG_ENABLE_MODULES = YES;
				CLANG_ENABLE_OBJC_ARC = YES;
				CLANG_ENABLE_OBJC_WEAK = YES;
				CLANG_WARN_BLOCK_CAPTURE_AUTORELEASING = YES;
				CLANG_WARN_BOOL_CONVERSION = YES;
				CLANG_WARN_COMMA = YES;
				CLANG_WARN_CONSTANT_CONVERSION = YES;
				CLANG_WARN_DEPRECATED_OBJC_IMPLEMENTATIONS = YES;
				CLANG_WARN_DIRECT_OBJC_ISA_USAGE = YES_ERROR;
				CLANG_WARN_DOCUMENTATION_COMMENTS = YES;
				CLANG_WARN_EMPTY_BODY = YES;
				CLANG_WARN_ENUM_CONVERSION = YES;
				CLANG_WARN_INFINITE_RECURSION = YES;
				CLANG_WARN_INT_CONVERSION = YES;
				CLANG_WARN_NON_LITERAL_NULL_CONVERSION = YES;
				CLANG_WARN_OBJC_IMPLICIT_RETAIN_SELF = YES;
				CLANG_WARN_OBJC_LITERAL_CONVERSION = YES;
				CLANG_WARN_OBJC_ROOT_CLASS = YES_ERROR;
				CLANG_WARN_QUOTED_INCLUDE_IN_FRAMEWORK_HEADER = YES;
				CLANG_WARN_RANGE_LOOP_ANALYSIS = YES;
				CLANG_WARN_STRICT_PROTOTYPES = YES;
				CLANG_WARN_SUSPICIOUS_MOVE = YES;
				CLANG_WARN_UNGUARDED_AVAILABILITY = YES_AGGRESSIVE;
				CLANG_WARN_UNREACHABLE_CODE = YES;
				CLANG_WARN__DUPLICATE_METHOD_MATCH = YES;
				COPY_PHASE_STRIP = NO;
				DEBUG_INFORMATION_FORMAT = "dwarf-with-dsym";
				ENABLE_NS_ASSERTIONS = NO;
				ENABLE_STRICT_OBJC_MSGSEND = YES;
				GCC_C_LANGUAGE_STANDARD = gnu11;
				GCC_NO_COMMON_BLOCKS = YES;
				GCC_WARN_64_TO_32_BIT_CONVERSION = YES;
				GCC_WARN_ABOUT_RETURN_TYPE = YES_ERROR;
				GCC_WARN_UNDECLARED_SELECTOR = YES;
				GCC_WARN_UNINITIALIZED_AUTOS = YES_AGGRESSIVE;
				GCC_WARN_UNUSED_FUNCTION = YES;
				GCC_WARN_UNUSED_VARIABLE = YES;
				IPHONEOS_DEPLOYMENT_TARGET = 15.2;
				MTL_ENABLE_DEBUG_INFO = NO;
				MTL_FAST_MATH = YES;
				SDKROOT = iphoneos;
				SWIFT_COMPILATION_MODE = wholemodule;
				SWIFT_OPTIMIZATION_LEVEL = "-O";
				VALIDATE_PRODUCT = YES;
			};
			name = Release;
		};
		5E412D5A2789E7AD002163D5 /* Debug */ = {
			isa = XCBuildConfiguration;
			baseConfigurationReference = 02378DF0CD104641EBDCF0BE /* Pods-register-snowboard-serial-number.debug.xcconfig */;
			buildSettings = {
				ASSETCATALOG_COMPILER_APPICON_NAME = AppIcon;
				ASSETCATALOG_COMPILER_GLOBAL_ACCENT_COLOR_NAME = AccentColor;
				CODE_SIGN_STYLE = Automatic;
				CURRENT_PROJECT_VERSION = 1;
				DEVELOPMENT_TEAM = URHQSU336Y;
				GENERATE_INFOPLIST_FILE = YES;
				INFOPLIST_FILE = "register-snowboard-serial-number/Support/Info.plist";
				INFOPLIST_KEY_NSCameraUsageDescription = "カメラの使用";
				INFOPLIST_KEY_NSPhotoLibraryUsageDescription = "カメラロールの使用";
				INFOPLIST_KEY_UIApplicationSupportsIndirectInputEvents = YES;
				INFOPLIST_KEY_UILaunchStoryboardName = LaunchScreen;
				INFOPLIST_KEY_UIMainStoryboardFile = Login;
				INFOPLIST_KEY_UISupportedInterfaceOrientations = UIInterfaceOrientationPortrait;
				INFOPLIST_KEY_UISupportedInterfaceOrientations_iPad = UIInterfaceOrientationPortrait;
				INFOPLIST_KEY_UISupportedInterfaceOrientations_iPhone = UIInterfaceOrientationPortrait;
				INFOPLIST_KEY_UIUserInterfaceStyle = Light;
				IPHONEOS_DEPLOYMENT_TARGET = 15.2;
				LD_RUNPATH_SEARCH_PATHS = (
					"$(inherited)",
					"@executable_path/Frameworks",
				);
				MARKETING_VERSION = 1.0;
				PRODUCT_BUNDLE_IDENTIFIER = "com.ryoma2022.register-snowboard-serial-number";
				PRODUCT_NAME = "$(TARGET_NAME)";
				SWIFT_EMIT_LOC_STRINGS = YES;
				SWIFT_VERSION = 5.0;
				TARGETED_DEVICE_FAMILY = 1;
			};
			name = Debug;
		};
		5E412D5B2789E7AD002163D5 /* Release */ = {
			isa = XCBuildConfiguration;
			baseConfigurationReference = A0339C4A43EFCB54F1EFE3BE /* Pods-register-snowboard-serial-number.release.xcconfig */;
			buildSettings = {
				ASSETCATALOG_COMPILER_APPICON_NAME = AppIcon;
				ASSETCATALOG_COMPILER_GLOBAL_ACCENT_COLOR_NAME = AccentColor;
				CODE_SIGN_STYLE = Automatic;
				CURRENT_PROJECT_VERSION = 1;
				DEVELOPMENT_TEAM = URHQSU336Y;
				GENERATE_INFOPLIST_FILE = YES;
				INFOPLIST_FILE = "register-snowboard-serial-number/Support/Info.plist";
				INFOPLIST_KEY_NSCameraUsageDescription = "カメラの使用";
				INFOPLIST_KEY_NSPhotoLibraryUsageDescription = "カメラロールの使用";
				INFOPLIST_KEY_UIApplicationSupportsIndirectInputEvents = YES;
				INFOPLIST_KEY_UILaunchStoryboardName = LaunchScreen;
				INFOPLIST_KEY_UIMainStoryboardFile = Login;
				INFOPLIST_KEY_UISupportedInterfaceOrientations = UIInterfaceOrientationPortrait;
				INFOPLIST_KEY_UISupportedInterfaceOrientations_iPad = UIInterfaceOrientationPortrait;
				INFOPLIST_KEY_UISupportedInterfaceOrientations_iPhone = UIInterfaceOrientationPortrait;
				INFOPLIST_KEY_UIUserInterfaceStyle = Light;
				IPHONEOS_DEPLOYMENT_TARGET = 15.2;
				LD_RUNPATH_SEARCH_PATHS = (
					"$(inherited)",
					"@executable_path/Frameworks",
				);
				MARKETING_VERSION = 1.0;
				PRODUCT_BUNDLE_IDENTIFIER = "com.ryoma2022.register-snowboard-serial-number";
				PRODUCT_NAME = "$(TARGET_NAME)";
				SWIFT_EMIT_LOC_STRINGS = YES;
				SWIFT_VERSION = 5.0;
				TARGETED_DEVICE_FAMILY = 1;
			};
			name = Release;
		};
/* End XCBuildConfiguration section */

/* Begin XCConfigurationList section */
		5E412D402789E7AB002163D5 /* Build configuration list for PBXProject "register-snowboard-serial-number" */ = {
			isa = XCConfigurationList;
			buildConfigurations = (
				5E412D572789E7AD002163D5 /* Debug */,
				5E412D582789E7AD002163D5 /* Release */,
			);
			defaultConfigurationIsVisible = 0;
			defaultConfigurationName = Release;
		};
		5E412D592789E7AD002163D5 /* Build configuration list for PBXNativeTarget "register-snowboard-serial-number" */ = {
			isa = XCConfigurationList;
			buildConfigurations = (
				5E412D5A2789E7AD002163D5 /* Debug */,
				5E412D5B2789E7AD002163D5 /* Release */,
			);
			defaultConfigurationIsVisible = 0;
			defaultConfigurationName = Release;
		};
/* End XCConfigurationList section */
	};
	rootObject = 5E412D3D2789E7AB002163D5 /* Project object */;
}
